
Microsoft Visual Studio Solution File, Format Version 12.00
# Visual Studio Version 17
VisualStudioVersion = 17.2.32630.192
MinimumVisualStudioVersion = 10.0.40219.1
Project("{9A19103F-16F7-4668-BE54-9A1E7A4F7556}") = "VtuberCrawler", "VtuberCrawler.csproj", "{B21C9CBE-57A7-472B-888A-0C49A01777EF}"
EndProject
Global
	GlobalSection(SolutionConfigurationPlatforms) = preSolution
		Debug|Any CPU = Debug|Any CPU
		Release|Any CPU = Release|Any CPU
	EndGlobalSection
	GlobalSection(ProjectConfigurationPlatforms) = postSolution
		{B21C9CBE-57A7-472B-888A-0C49A01777EF}.Debug|Any CPU.ActiveCfg = Debug|Any CPU
		{B21C9CBE-57A7-472B-888A-0C49A01777EF}.Debug|Any CPU.Build.0 = Debug|Any CPU
		{B21C9CBE-57A7-472B-888A-0C49A01777EF}.Release|Any CPU.ActiveCfg = Release|Any CPU
		{B21C9CBE-57A7-472B-888A-0C49A01777EF}.Release|Any CPU.Build.0 = Release|Any CPU
	EndGlobalSection
	GlobalSection(SolutionProperties) = preSolution
		HideSolutionNode = FALSE
	EndGlobalSection
	GlobalSection(ExtensibilityGlobals) = postSolution
		SolutionGuid = {98E78555-318C-4751-A18B-B6BEA462D449}
	EndGlobalSection
EndGlobal
